
Microsoft Visual Studio Solution File, Format Version 12.00
# Visual Studio Version 17
VisualStudioVersion = 17.6.33829.357
MinimumVisualStudioVersion = 10.0.40219.1
Project("{FAE04EC0-301F-11D3-BF4B-00C04F79EFBC}") = "AlunoApi", "AlunoApi\AlunoApi.csproj", "{D4991EB3-2DF7-4F4D-8CD1-1BD1A04E139E}"
EndProject
Global
	GlobalSection(SolutionConfigurationPlatforms) = preSolution
		Debug|Any CPU = Debug|Any CPU
		Release|Any CPU = Release|Any CPU
	EndGlobalSection
	GlobalSection(ProjectConfigurationPlatforms) = postSolution
		{D4991EB3-2DF7-4F4D-8CD1-1BD1A04E139E}.Debug|Any CPU.ActiveCfg = Debug|Any CPU
		{D4991EB3-2DF7-4F4D-8CD1-1BD1A04E139E}.Debug|Any CPU.Build.0 = Debug|Any CPU
		{D4991EB3-2DF7-4F4D-8CD1-1BD1A04E139E}.Release|Any CPU.ActiveCfg = Release|Any CPU
		{D4991EB3-2DF7-4F4D-8CD1-1BD1A04E139E}.Release|Any CPU.Build.0 = Release|Any CPU
	EndGlobalSection
	GlobalSection(SolutionProperties) = preSolution
		HideSolutionNode = FALSE
	EndGlobalSection
	GlobalSection(ExtensibilityGlobals) = postSolution
		SolutionGuid = {BC2D0A00-5794-4F25-9E71-DEB1978A48E1}
	EndGlobalSection
EndGlobal
