
Microsoft Visual Studio Solution File, Format Version 12.00
# Visual Studio Version 17
VisualStudioVersion = 17.6.33829.357
MinimumVisualStudioVersion = 10.0.40219.1
Project("{9A19103F-16F7-4668-BE54-9A1E7A4F7556}") = "ControleAlunosAPI", "ControleAlunosAPI\ControleAlunosAPI.csproj", "{035482CE-0612-41D2-B99C-4DD4905C1400}"
EndProject
Project("{FAE04EC0-301F-11D3-BF4B-00C04F79EFBC}") = "ControleAlunosAPI.Test", "ControleAlunosAPI.Test\ControleAlunosAPI.Test.csproj", "{74C63D0F-DCDD-4641-A65F-D307519E8F88}"
EndProject
Global
	GlobalSection(SolutionConfigurationPlatforms) = preSolution
		Debug|Any CPU = Debug|Any CPU
		Release|Any CPU = Release|Any CPU
	EndGlobalSection
	GlobalSection(ProjectConfigurationPlatforms) = postSolution
		{035482CE-0612-41D2-B99C-4DD4905C1400}.Debug|Any CPU.ActiveCfg = Debug|Any CPU
		{035482CE-0612-41D2-B99C-4DD4905C1400}.Debug|Any CPU.Build.0 = Debug|Any CPU
		{035482CE-0612-41D2-B99C-4DD4905C1400}.Release|Any CPU.ActiveCfg = Release|Any CPU
		{035482CE-0612-41D2-B99C-4DD4905C1400}.Release|Any CPU.Build.0 = Release|Any CPU
		{74C63D0F-DCDD-4641-A65F-D307519E8F88}.Debug|Any CPU.ActiveCfg = Debug|Any CPU
		{74C63D0F-DCDD-4641-A65F-D307519E8F88}.Debug|Any CPU.Build.0 = Debug|Any CPU
		{74C63D0F-DCDD-4641-A65F-D307519E8F88}.Release|Any CPU.ActiveCfg = Release|Any CPU
		{74C63D0F-DCDD-4641-A65F-D307519E8F88}.Release|Any CPU.Build.0 = Release|Any CPU
	EndGlobalSection
	GlobalSection(SolutionProperties) = preSolution
		HideSolutionNode = FALSE
	EndGlobalSection
	GlobalSection(ExtensibilityGlobals) = postSolution
		SolutionGuid = {4E55FC55-06BC-4822-87F2-657EC28055E0}
	EndGlobalSection
EndGlobal
